
Microsoft Visual Studio Solution File, Format Version 12.00
# Visual Studio Version 17
VisualStudioVersion = 17.9.34728.123
MinimumVisualStudioVersion = 10.0.40219.1
Project("{9A19103F-16F7-4668-BE54-9A1E7A4F7556}") = "AnimeAPI", "AnimeAPI\AnimeAPI.csproj", "{572ADD73-183C-46FD-9B0B-6FB4BDFE6C44}"
EndProject
Project("{FAE04EC0-301F-11D3-BF4B-00C04F79EFBC}") = "APITesting", "APITesting\APITesting.csproj", "{3ED982EA-7F1A-4FE2-988D-E5288DFE2B23}"
EndProject
Global
	GlobalSection(SolutionConfigurationPlatforms) = preSolution
		Debug|Any CPU = Debug|Any CPU
		Release|Any CPU = Release|Any CPU
	EndGlobalSection
	GlobalSection(ProjectConfigurationPlatforms) = postSolution
		{572ADD73-183C-46FD-9B0B-6FB4BDFE6C44}.Debug|Any CPU.ActiveCfg = Debug|Any CPU
		{572ADD73-183C-46FD-9B0B-6FB4BDFE6C44}.Debug|Any CPU.Build.0 = Debug|Any CPU
		{572ADD73-183C-46FD-9B0B-6FB4BDFE6C44}.Release|Any CPU.ActiveCfg = Release|Any CPU
		{572ADD73-183C-46FD-9B0B-6FB4BDFE6C44}.Release|Any CPU.Build.0 = Release|Any CPU
		{3ED982EA-7F1A-4FE2-988D-E5288DFE2B23}.Debug|Any CPU.ActiveCfg = Debug|Any CPU
		{3ED982EA-7F1A-4FE2-988D-E5288DFE2B23}.Debug|Any CPU.Build.0 = Debug|Any CPU
		{3ED982EA-7F1A-4FE2-988D-E5288DFE2B23}.Release|Any CPU.ActiveCfg = Release|Any CPU
		{3ED982EA-7F1A-4FE2-988D-E5288DFE2B23}.Release|Any CPU.Build.0 = Release|Any CPU
	EndGlobalSection
	GlobalSection(SolutionProperties) = preSolution
		HideSolutionNode = FALSE
	EndGlobalSection
	GlobalSection(ExtensibilityGlobals) = postSolution
		SolutionGuid = {F578BC62-ED94-4AF2-872F-1EE57434FF91}
	EndGlobalSection
EndGlobal
